<?xml version="1.0" encoding="utf-8"?>
<Project ToolsVersion="4.0" xmlns="http://schemas.microsoft.com/developer/msbuild/2003">
  <ItemGroup>
    <Filter Include="Quelldateien">
      <UniqueIdentifier>{4FC737F1-C7A5-4376-A066-2A32D752A2FF}</UniqueIdentifier>
      <Extensions>cpp;c;cc;cxx;def;odl;idl;hpj;bat;asm;asmx</Extensions>
    </Filter>
    <Filter Include="Headerdateien">
      <UniqueIdentifier>{93995380-89BD-4b04-88EB-625FBE52EBFB}</UniqueIdentifier>
      <Extensions>h;hh;hpp;hxx;hm;inl;inc;ipp;xsd</Extensions>
    </Filter>
    <Filter Include="Ressourcendateien">
      <UniqueIdentifier>{67DA6AB6-F800-4c08-8B7A-83BB121AAD01}</UniqueIdentifier>
      <Extensions>rc;ico;cur;bmp;dlg;rc2;rct;bin;rgs;gif;jpg;jpeg;jpe;resx;tiff;tif;png;wav;mfcribbon-ms</Extensions>
    </Filter>
  </ItemGroup>
  <ItemGroup>
    <ClInclude Include="X0R.h">
      <Filter>Headerdateien</Filter>
    </ClInclude>
    <ClInclude Include="Includes.h">
      <Filter>Headerdateien</Filter>
    </ClInclude>
    <ClInclude Include="KeInterface.hpp">
      <Filter>Headerdateien</Filter>
    </ClInclude>
    <ClInclude Include="Threads.h">
      <Filter>Headerdateien</Filter>
    </ClInclude>
    <ClInclude Include="Private.hpp">
      <Filter>Headerdateien</Filter>
    </ClInclude>
    <ClInclude Include="Blacklist.h">
      <Filter>Headerdateien</Filter>
    </ClInclude>
    <ClInclude Include="AddBlacklist.h">
      <Filter>Headerdateien</Filter>
    </ClInclude>
    <ClInclude Include="Drivers.h">
      <Filter>Headerdateien</Filter>
    </ClInclude>
    <ClInclude Include="Modules.h">
      <Filter>Headerdateien</Filter>
    </ClInclude>
  </ItemGroup>
  <ItemGroup>
    <EmbeddedResource Include="X0R.resx">
      <Filter>Ressourcendateien</Filter>
    </EmbeddedResource>
  </ItemGroup>
  <ItemGroup>
    <ClCompile Include="SysView.cpp">
      <Filter>Quelldateien</Filter>
    </ClCompile>
    <ClCompile Include="KeInterface.cpp">
      <Filter>Quelldateien</Filter>
    </ClCompile>
  </ItemGroup>
</Project>